
Microsoft Visual Studio Solution File, Format Version 12.00
# Visual Studio Version 17
VisualStudioVersion = 17.1.32414.318
MinimumVisualStudioVersion = 10.0.40219.1
Project("{2150E333-8FDC-42A3-9474-1A3956D46DE8}") = "src", "src", "{212FCD12-ADA3-4AD0-B4EA-D331EE0ABE2B}"
EndProject
Project("{FAE04EC0-301F-11D3-BF4B-00C04F79EFBC}") = "ProductAPI", "ProductAPI\ProductAPI.csproj", "{1460BE62-384E-4172-A07E-6D511FC2AE30}"
EndProject
Global
	GlobalSection(SolutionConfigurationPlatforms) = preSolution
		Debug|Any CPU = Debug|Any CPU
		Release|Any CPU = Release|Any CPU
	EndGlobalSection
	GlobalSection(ProjectConfigurationPlatforms) = postSolution
		{1460BE62-384E-4172-A07E-6D511FC2AE30}.Debug|Any CPU.ActiveCfg = Debug|Any CPU
		{1460BE62-384E-4172-A07E-6D511FC2AE30}.Debug|Any CPU.Build.0 = Debug|Any CPU
		{1460BE62-384E-4172-A07E-6D511FC2AE30}.Release|Any CPU.ActiveCfg = Release|Any CPU
		{1460BE62-384E-4172-A07E-6D511FC2AE30}.Release|Any CPU.Build.0 = Release|Any CPU
	EndGlobalSection
	GlobalSection(SolutionProperties) = preSolution
		HideSolutionNode = FALSE
	EndGlobalSection
	GlobalSection(NestedProjects) = preSolution
		{1460BE62-384E-4172-A07E-6D511FC2AE30} = {212FCD12-ADA3-4AD0-B4EA-D331EE0ABE2B}
	EndGlobalSection
	GlobalSection(ExtensibilityGlobals) = postSolution
		SolutionGuid = {66826DBB-3B5D-4D1E-81FC-B2DB764ACBE8}
	EndGlobalSection
EndGlobal
